// !$*UTF8*$!
{
	archiveVersion = 1;
	classes = {
	};
	objectVersion = 50;
	objects = {

/* Begin PBXBuildFile section */
		39D1036623D0ED1000A0C3F7 /* AppDelegate.swift in Sources */ = {isa = PBXBuildFile; fileRef = 39D1036523D0ED1000A0C3F7 /* AppDelegate.swift */; };
		39D1036823D0ED1000A0C3F7 /* SceneDelegate.swift in Sources */ = {isa = PBXBuildFile; fileRef = 39D1036723D0ED1000A0C3F7 /* SceneDelegate.swift */; };
		39D1036A23D0ED1000A0C3F7 /* ViewController.swift in Sources */ = {isa = PBXBuildFile; fileRef = 39D1036923D0ED1000A0C3F7 /* ViewController.swift */; };
		39D1036D23D0ED1000A0C3F7 /* Main.storyboard in Resources */ = {isa = PBXBuildFile; fileRef = 39D1036B23D0ED1000A0C3F7 /* Main.storyboard */; };
		39D1036F23D0ED1400A0C3F7 /* Assets.xcassets in Resources */ = {isa = PBXBuildFile; fileRef = 39D1036E23D0ED1400A0C3F7 /* Assets.xcassets */; };
		39D1037223D0ED1400A0C3F7 /* LaunchScreen.storyboard in Resources */ = {isa = PBXBuildFile; fileRef = 39D1037023D0ED1400A0C3F7 /* LaunchScreen.storyboard */; };
		39D1037D23D0ED1400A0C3F7 /* DiscussionMakerTests.swift in Sources */ = {isa = PBXBuildFile; fileRef = 39D1037C23D0ED1400A0C3F7 /* DiscussionMakerTests.swift */; };
		39D1038823D0ED1400A0C3F7 /* DiscussionMakerUITests.swift in Sources */ = {isa = PBXBuildFile; fileRef = 39D1038723D0ED1400A0C3F7 /* DiscussionMakerUITests.swift */; };
/* End PBXBuildFile section */

/* Begin PBXContainerItemProxy section */
		39D1037923D0ED1400A0C3F7 /* PBXContainerItemProxy */ = {
			isa = PBXContainerItemProxy;
			containerPortal = 39D1035A23D0ED1000A0C3F7 /* Project object */;
			proxyType = 1;
			remoteGlobalIDString = 39D1036123D0ED1000A0C3F7;
			remoteInfo = DiscussionMaker;
		};
		39D1038423D0ED1400A0C3F7 /* PBXContainerItemProxy */ = {
			isa = PBXContainerItemProxy;
			containerPortal = 39D1035A23D0ED1000A0C3F7 /* Project object */;
			proxyType = 1;
			remoteGlobalIDString = 39D1036123D0ED1000A0C3F7;
			remoteInfo = DiscussionMaker;
		};
/* End PBXContainerItemProxy section */

/* Begin PBXFileReference section */
		39D1036223D0ED1000A0C3F7 /* DiscussionMaker.app */ = {isa = PBXFileReference; explicitFileType = wrapper.application; includeInIndex = 0; path = DiscussionMaker.app; sourceTree = BUILT_PRODUCTS_DIR; };
		39D1036523D0ED1000A0C3F7 /* AppDelegate.swift */ = {isa = PBXFileReference; lastKnownFileType = sourcecode.swift; path = AppDelegate.swift; sourceTree = "<group>"; };
		39D1036723D0ED1000A0C3F7 /* SceneDelegate.swift */ = {isa = PBXFileReference; lastKnownFileType = sourcecode.swift; path = SceneDelegate.swift; sourceTree = "<group>"; };
		39D1036923D0ED1000A0C3F7 /* ViewController.swift */ = {isa = PBXFileReference; lastKnownFileType = sourcecode.swift; path = ViewController.swift; sourceTree = "<group>"; };
		39D1036C23D0ED1000A0C3F7 /* Base */ = {isa = PBXFileReference; lastKnownFileType = file.storyboard; name = Base; path = Base.lproj/Main.storyboard; sourceTree = "<group>"; };
		39D1036E23D0ED1400A0C3F7 /* Assets.xcassets */ = {isa = PBXFileReference; lastKnownFileType = folder.assetcatalog; path = Assets.xcassets; sourceTree = "<group>"; };
		39D1037123D0ED1400A0C3F7 /* Base */ = {isa = PBXFileReference; lastKnownFileType = file.storyboard; name = Base; path = Base.lproj/LaunchScreen.storyboard; sourceTree = "<group>"; };
		39D1037323D0ED1400A0C3F7 /* Info.plist */ = {isa = PBXFileReference; lastKnownFileType = text.plist.xml; path = Info.plist; sourceTree = "<group>"; };
		39D1037823D0ED1400A0C3F7 /* DiscussionMakerTests.xctest */ = {isa = PBXFileReference; explicitFileType = wrapper.cfbundle; includeInIndex = 0; path = DiscussionMakerTests.xctest; sourceTree = BUILT_PRODUCTS_DIR; };
		39D1037C23D0ED1400A0C3F7 /* DiscussionMakerTests.swift */ = {isa = PBXFileReference; lastKnownFileType = sourcecode.swift; path = DiscussionMakerTests.swift; sourceTree = "<group>"; };
		39D1037E23D0ED1400A0C3F7 /* Info.plist */ = {isa = PBXFileReference; lastKnownFileType = text.plist.xml; path = Info.plist; sourceTree = "<group>"; };
		39D1038323D0ED1400A0C3F7 /* DiscussionMakerUITests.xctest */ = {isa = PBXFileReference; explicitFileType = wrapper.cfbundle; includeInIndex = 0; path = DiscussionMakerUITests.xctest; sourceTree = BUILT_PRODUCTS_DIR; };
		39D1038723D0ED1400A0C3F7 /* DiscussionMakerUITests.swift */ = {isa = PBXFileReference; lastKnownFileType = sourcecode.swift; path = DiscussionMakerUITests.swift; sourceTree = "<group>"; };
		39D1038923D0ED1400A0C3F7 /* Info.plist */ = {isa = PBXFileReference; lastKnownFileType = text.plist.xml; path = Info.plist; sourceTree = "<group>"; };
/* End PBXFileReference section */

/* Begin PBXFrameworksBuildPhase section */
		39D1035F23D0ED1000A0C3F7 /* Frameworks */ = {
			isa = PBXFrameworksBuildPhase;
			buildActionMask = 2147483647;
			files = (
			);
			runOnlyForDeploymentPostprocessing = 0;
		};
		39D1037523D0ED1400A0C3F7 /* Frameworks */ = {
			isa = PBXFrameworksBuildPhase;
			buildActionMask = 2147483647;
			files = (
			);
			runOnlyForDeploymentPostprocessing = 0;
		};
		39D1038023D0ED1400A0C3F7 /* Frameworks */ = {
			isa = PBXFrameworksBuildPhase;
			buildActionMask = 2147483647;
			files = (
			);
			runOnlyForDeploymentPostprocessing = 0;
		};
/* End PBXFrameworksBuildPhase section */

/* Begin PBXGroup section */
		39D1035923D0ED1000A0C3F7 = {
			isa = PBXGroup;
			children = (
				39D1036423D0ED1000A0C3F7 /* DiscussionMaker */,
				39D1037B23D0ED1400A0C3F7 /* DiscussionMakerTests */,
				39D1038623D0ED1400A0C3F7 /* DiscussionMakerUITests */,
				39D1036323D0ED1000A0C3F7 /* Products */,
			);
			sourceTree = "<group>";
		};
		39D1036323D0ED1000A0C3F7 /* Products */ = {
			isa = PBXGroup;
			children = (
				39D1036223D0ED1000A0C3F7 /* DiscussionMaker.app */,
				39D1037823D0ED1400A0C3F7 /* DiscussionMakerTests.xctest */,
				39D1038323D0ED1400A0C3F7 /* DiscussionMakerUITests.xctest */,
			);
			name = Products;
			sourceTree = "<group>";
		};
		39D1036423D0ED1000A0C3F7 /* DiscussionMaker */ = {
			isa = PBXGroup;
			children = (
				39D1036523D0ED1000A0C3F7 /* AppDelegate.swift */,
				39D1036723D0ED1000A0C3F7 /* SceneDelegate.swift */,
				39D1036923D0ED1000A0C3F7 /* ViewController.swift */,
				39D1036B23D0ED1000A0C3F7 /* Main.storyboard */,
				39D1036E23D0ED1400A0C3F7 /* Assets.xcassets */,
				39D1037023D0ED1400A0C3F7 /* LaunchScreen.storyboard */,
				39D1037323D0ED1400A0C3F7 /* Info.plist */,
			);
			path = DiscussionMaker;
			sourceTree = "<group>";
		};
		39D1037B23D0ED1400A0C3F7 /* DiscussionMakerTests */ = {
			isa = PBXGroup;
			children = (
				39D1037C23D0ED1400A0C3F7 /* DiscussionMakerTests.swift */,
				39D1037E23D0ED1400A0C3F7 /* Info.plist */,
			);
			path = DiscussionMakerTests;
			sourceTree = "<group>";
		};
		39D1038623D0ED1400A0C3F7 /* DiscussionMakerUITests */ = {
			isa = PBXGroup;
			children = (
				39D1038723D0ED1400A0C3F7 /* DiscussionMakerUITests.swift */,
				39D1038923D0ED1400A0C3F7 /* Info.plist */,
			);
			path = DiscussionMakerUITests;
			sourceTree = "<group>";
		};
/* End PBXGroup section */

/* Begin PBXNativeTarget section */
		39D1036123D0ED1000A0C3F7 /* DiscussionMaker */ = {
			isa = PBXNativeTarget;
			buildConfigurationList = 39D1038C23D0ED1400A0C3F7 /* Build configuration list for PBXNativeTarget "DiscussionMaker" */;
			buildPhases = (
				39D1035E23D0ED1000A0C3F7 /* Sources */,
				39D1035F23D0ED1000A0C3F7 /* Frameworks */,
				39D1036023D0ED1000A0C3F7 /* Resources */,
			);
			buildRules = (
			);
			dependencies = (
			);
			name = DiscussionMaker;
			productName = DiscussionMaker;
			productReference = 39D1036223D0ED1000A0C3F7 /* DiscussionMaker.app */;
			productType = "com.apple.product-type.application";
		};
		39D1037723D0ED1400A0C3F7 /* DiscussionMakerTests */ = {
			isa = PBXNativeTarget;
			buildConfigurationList = 39D1038F23D0ED1400A0C3F7 /* Build configuration list for PBXNativeTarget "DiscussionMakerTests" */;
			buildPhases = (
				39D1037423D0ED1400A0C3F7 /* Sources */,
				39D1037523D0ED1400A0C3F7 /* Frameworks */,
				39D1037623D0ED1400A0C3F7 /* Resources */,
			);
			buildRules = (
			);
			dependencies = (
				39D1037A23D0ED1400A0C3F7 /* PBXTargetDependency */,
			);
			name = DiscussionMakerTests;
			productName = DiscussionMakerTests;
			productReference = 39D1037823D0ED1400A0C3F7 /* DiscussionMakerTests.xctest */;
			productType = "com.apple.product-type.bundle.unit-test";
		};
		39D1038223D0ED1400A0C3F7 /* DiscussionMakerUITests */ = {
			isa = PBXNativeTarget;
			buildConfigurationList = 39D1039223D0ED1400A0C3F7 /* Build configuration list for PBXNativeTarget "DiscussionMakerUITests" */;
			buildPhases = (
				39D1037F23D0ED1400A0C3F7 /* Sources */,
				39D1038023D0ED1400A0C3F7 /* Frameworks */,
				39D1038123D0ED1400A0C3F7 /* Resources */,
			);
			buildRules = (
			);
			dependencies = (
				39D1038523D0ED1400A0C3F7 /* PBXTargetDependency */,
			);
			name = DiscussionMakerUITests;
			productName = DiscussionMakerUITests;
			productReference = 39D1038323D0ED1400A0C3F7 /* DiscussionMakerUITests.xctest */;
			productType = "com.apple.product-type.bundle.ui-testing";
		};
/* End PBXNativeTarget section */

/* Begin PBXProject section */
		39D1035A23D0ED1000A0C3F7 /* Project object */ = {
			isa = PBXProject;
			attributes = {
				LastSwiftUpdateCheck = 1130;
				LastUpgradeCheck = 1130;
				ORGANIZATIONNAME = "Artem Trubacheev";
				TargetAttributes = {
					39D1036123D0ED1000A0C3F7 = {
						CreatedOnToolsVersion = 11.3.1;
					};
					39D1037723D0ED1400A0C3F7 = {
						CreatedOnToolsVersion = 11.3.1;
						TestTargetID = 39D1036123D0ED1000A0C3F7;
					};
					39D1038223D0ED1400A0C3F7 = {
						CreatedOnToolsVersion = 11.3.1;
						TestTargetID = 39D1036123D0ED1000A0C3F7;
					};
				};
			};
			buildConfigurationList = 39D1035D23D0ED1000A0C3F7 /* Build configuration list for PBXProject "DiscussionMaker" */;
			compatibilityVersion = "Xcode 9.3";
			developmentRegion = en;
			hasScannedForEncodings = 0;
			knownRegions = (
				en,
				Base,
			);
			mainGroup = 39D1035923D0ED1000A0C3F7;
			productRefGroup = 39D1036323D0ED1000A0C3F7 /* Products */;
			projectDirPath = "";
			projectRoot = "";
			targets = (
				39D1036123D0ED1000A0C3F7 /* DiscussionMaker */,
				39D1037723D0ED1400A0C3F7 /* DiscussionMakerTests */,
				39D1038223D0ED1400A0C3F7 /* DiscussionMakerUITests */,
			);
		};
/* End PBXProject section */

/* Begin PBXResourcesBuildPhase section */
		39D1036023D0ED1000A0C3F7 /* Resources */ = {
			isa = PBXResourcesBuildPhase;
			buildActionMask = 2147483647;
			files = (
				39D1037223D0ED1400A0C3F7 /* LaunchScreen.storyboard in Resources */,
				39D1036F23D0ED1400A0C3F7 /* Assets.xcassets in Resources */,
				39D1036D23D0ED1000A0C3F7 /* Main.storyboard in Resources */,
			);
			runOnlyForDeploymentPostprocessing = 0;
		};
		39D1037623D0ED1400A0C3F7 /* Resources */ = {
			isa = PBXResourcesBuildPhase;
			buildActionMask = 2147483647;
			files = (
			);
			runOnlyForDeploymentPostprocessing = 0;
		};
		39D1038123D0ED1400A0C3F7 /* Resources */ = {
			isa = PBXResourcesBuildPhase;
			buildActionMask = 2147483647;
			files = (
			);
			runOnlyForDeploymentPostprocessing = 0;
		};
/* End PBXResourcesBuildPhase section */

/* Begin PBXSourcesBuildPhase section */
		39D1035E23D0ED1000A0C3F7 /* Sources */ = {
			isa = PBXSourcesBuildPhase;
			buildActionMask = 2147483647;
			files = (
				39D1036A23D0ED1000A0C3F7 /* ViewController.swift in Sources */,
				39D1036623D0ED1000A0C3F7 /* AppDelegate.swift in Sources */,
				39D1036823D0ED1000A0C3F7 /* SceneDelegate.swift in Sources */,
			);
			runOnlyForDeploymentPostprocessing = 0;
		};
		39D1037423D0ED1400A0C3F7 /* Sources */ = {
			isa = PBXSourcesBuildPhase;
			buildActionMask = 2147483647;
			files = (
				39D1037D23D0ED1400A0C3F7 /* DiscussionMakerTests.swift in Sources */,
			);
			runOnlyForDeploymentPostprocessing = 0;
		};
		39D1037F23D0ED1400A0C3F7 /* Sources */ = {
			isa = PBXSourcesBuildPhase;
			buildActionMask = 2147483647;
			files = (
				39D1038823D0ED1400A0C3F7 /* DiscussionMakerUITests.swift in Sources */,
			);
			runOnlyForDeploymentPostprocessing = 0;
		};
/* End PBXSourcesBuildPhase section */

/* Begin PBXTargetDependency section */
		39D1037A23D0ED1400A0C3F7 /* PBXTargetDependency */ = {
			isa = PBXTargetDependency;
			target = 39D1036123D0ED1000A0C3F7 /* DiscussionMaker */;
			targetProxy = 39D1037923D0ED1400A0C3F7 /* PBXContainerItemProxy */;
		};
		39D1038523D0ED1400A0C3F7 /* PBXTargetDependency */ = {
			isa = PBXTargetDependency;
			target = 39D1036123D0ED1000A0C3F7 /* DiscussionMaker */;
			targetProxy = 39D1038423D0ED1400A0C3F7 /* PBXContainerItemProxy */;
		};
/* End PBXTargetDependency section */

/* Begin PBXVariantGroup section */
		39D1036B23D0ED1000A0C3F7 /* Main.storyboard */ = {
			isa = PBXVariantGroup;
			children = (
				39D1036C23D0ED1000A0C3F7 /* Base */,
			);
			name = Main.storyboard;
			sourceTree = "<group>";
		};
		39D1037023D0ED1400A0C3F7 /* LaunchScreen.storyboard */ = {
			isa = PBXVariantGroup;
			children = (
				39D1037123D0ED1400A0C3F7 /* Base */,
			);
			name = LaunchScreen.storyboard;
			sourceTree = "<group>";
		};
/* End PBXVariantGroup section */

/* Begin XCBuildConfiguration section */
		39D1038A23D0ED1400A0C3F7 /* Debug */ = {
			isa = XCBuildConfiguration;
			buildSettings = {
				ALWAYS_SEARCH_USER_PATHS = NO;
				CLANG_ANALYZER_NONNULL = YES;
				CLANG_ANALYZER_NUMBER_OBJECT_CONVERSION = YES_AGGRESSIVE;
				CLANG_CXX_LANGUAGE_STANDARD = "gnu++14";
				CLANG_CXX_LIBRARY = "libc++";
				CLANG_ENABLE_MODULES = YES;
				CLANG_ENABLE_OBJC_ARC = YES;
				CLANG_ENABLE_OBJC_WEAK = YES;
				CLANG_WARN_BLOCK_CAPTURE_AUTORELEASING = YES;
				CLANG_WARN_BOOL_CONVERSION = YES;
				CLANG_WARN_COMMA = YES;
				CLANG_WARN_CONSTANT_CONVERSION = YES;
				CLANG_WARN_DEPRECATED_OBJC_IMPLEMENTATIONS = YES;
				CLANG_WARN_DIRECT_OBJC_ISA_USAGE = YES_ERROR;
				CLANG_WARN_DOCUMENTATION_COMMENTS = YES;
				CLANG_WARN_EMPTY_BODY = YES;
				CLANG_WARN_ENUM_CONVERSION = YES;
				CLANG_WARN_INFINITE_RECURSION = YES;
				CLANG_WARN_INT_CONVERSION = YES;
				CLANG_WARN_NON_LITERAL_NULL_CONVERSION = YES;
				CLANG_WARN_OBJC_IMPLICIT_RETAIN_SELF = YES;
				CLANG_WARN_OBJC_LITERAL_CONVERSION = YES;
				CLANG_WARN_OBJC_ROOT_CLASS = YES_ERROR;
				CLANG_WARN_RANGE_LOOP_ANALYSIS = YES;
				CLANG_WARN_STRICT_PROTOTYPES = YES;
				CLANG_WARN_SUSPICIOUS_MOVE = YES;
				CLANG_WARN_UNGUARDED_AVAILABILITY = YES_AGGRESSIVE;
				CLANG_WARN_UNREACHABLE_CODE = YES;
				CLANG_WARN__DUPLICATE_METHOD_MATCH = YES;
				COPY_PHASE_STRIP = NO;
				DEBUG_INFORMATION_FORMAT = dwarf;
				ENABLE_STRICT_OBJC_MSGSEND = YES;
				ENABLE_TESTABILITY = YES;
				GCC_C_LANGUAGE_STANDARD = gnu11;
				GCC_DYNAMIC_NO_PIC = NO;
				GCC_NO_COMMON_BLOCKS = YES;
				GCC_OPTIMIZATION_LEVEL = 0;
				GCC_PREPROCESSOR_DEFINITIONS = (
					"DEBUG=1",
					"$(inherited)",
				);
				GCC_WARN_64_TO_32_BIT_CONVERSION = YES;
				GCC_WARN_ABOUT_RETURN_TYPE = YES_ERROR;
				GCC_WARN_UNDECLARED_SELECTOR = YES;
				GCC_WARN_UNINITIALIZED_AUTOS = YES_AGGRESSIVE;
				GCC_WARN_UNUSED_FUNCTION = YES;
				GCC_WARN_UNUSED_VARIABLE = YES;
				IPHONEOS_DEPLOYMENT_TARGET = 13.2;
				MTL_ENABLE_DEBUG_INFO = INCLUDE_SOURCE;
				MTL_FAST_MATH = YES;
				ONLY_ACTIVE_ARCH = YES;
				SDKROOT = iphoneos;
				SWIFT_ACTIVE_COMPILATION_CONDITIONS = DEBUG;
				SWIFT_OPTIMIZATION_LEVEL = "-Onone";
			};
			name = Debug;
		};
		39D1038B23D0ED1400A0C3F7 /* Release */ = {
			isa = XCBuildConfiguration;
			buildSettings = {
				ALWAYS_SEARCH_USER_PATHS = NO;
				CLANG_ANALYZER_NONNULL = YES;
				CLANG_ANALYZER_NUMBER_OBJECT_CONVERSION = YES_AGGRESSIVE;
				CLANG_CXX_LANGUAGE_STANDARD = "gnu++14";
				CLANG_CXX_LIBRARY = "libc++";
				CLANG_ENABLE_MODULES = YES;
				CLANG_ENABLE_OBJC_ARC = YES;
				CLANG_ENABLE_OBJC_WEAK = YES;
				CLANG_WARN_BLOCK_CAPTURE_AUTORELEASING = YES;
				CLANG_WARN_BOOL_CONVERSION = YES;
				CLANG_WARN_COMMA = YES;
				CLANG_WARN_CONSTANT_CONVERSION = YES;
				CLANG_WARN_DEPRECATED_OBJC_IMPLEMENTATIONS = YES;
				CLANG_WARN_DIRECT_OBJC_ISA_USAGE = YES_ERROR;
				CLANG_WARN_DOCUMENTATION_COMMENTS = YES;
				CLANG_WARN_EMPTY_BODY = YES;
				CLANG_WARN_ENUM_CONVERSION = YES;
				CLANG_WARN_INFINITE_RECURSION = YES;
				CLANG_WARN_INT_CONVERSION = YES;
				CLANG_WARN_NON_LITERAL_NULL_CONVERSION = YES;
				CLANG_WARN_OBJC_IMPLICIT_RETAIN_SELF = YES;
				CLANG_WARN_OBJC_LITERAL_CONVERSION = YES;
				CLANG_WARN_OBJC_ROOT_CLASS = YES_ERROR;
				CLANG_WARN_RANGE_LOOP_ANALYSIS = YES;
				CLANG_WARN_STRICT_PROTOTYPES = YES;
				CLANG_WARN_SUSPICIOUS_MOVE = YES;
				CLANG_WARN_UNGUARDED_AVAILABILITY = YES_AGGRESSIVE;
				CLANG_WARN_UNREACHABLE_CODE = YES;
				CLANG_WARN__DUPLICATE_METHOD_MATCH = YES;
				COPY_PHASE_STRIP = NO;
				DEBUG_INFORMATION_FORMAT = "dwarf-with-dsym";
				ENABLE_NS_ASSERTIONS = NO;
				ENABLE_STRICT_OBJC_MSGSEND = YES;
				GCC_C_LANGUAGE_STANDARD = gnu11;
				GCC_NO_COMMON_BLOCKS = YES;
				GCC_WARN_64_TO_32_BIT_CONVERSION = YES;
				GCC_WARN_ABOUT_RETURN_TYPE = YES_ERROR;
				GCC_WARN_UNDECLARED_SELECTOR = YES;
				GCC_WARN_UNINITIALIZED_AUTOS = YES_AGGRESSIVE;
				GCC_WARN_UNUSED_FUNCTION = YES;
				GCC_WARN_UNUSED_VARIABLE = YES;
				IPHONEOS_DEPLOYMENT_TARGET = 13.2;
				MTL_ENABLE_DEBUG_INFO = NO;
				MTL_FAST_MATH = YES;
				SDKROOT = iphoneos;
				SWIFT_COMPILATION_MODE = wholemodule;
				SWIFT_OPTIMIZATION_LEVEL = "-O";
				VALIDATE_PRODUCT = YES;
			};
			name = Release;
		};
		39D1038D23D0ED1400A0C3F7 /* Debug */ = {
			isa = XCBuildConfiguration;
			buildSettings = {
				ASSETCATALOG_COMPILER_APPICON_NAME = AppIcon;
				CODE_SIGN_STYLE = Automatic;
				DEVELOPMENT_TEAM = 59WR7TNTSB;
				INFOPLIST_FILE = DiscussionMaker/Info.plist;
				LD_RUNPATH_SEARCH_PATHS = (
					"$(inherited)",
					"@executable_path/Frameworks",
				);
				PRODUCT_BUNDLE_IDENTIFIER = almaz5200.DiscussionMaker;
				PRODUCT_NAME = "$(TARGET_NAME)";
				SWIFT_VERSION = 5.0;
				TARGETED_DEVICE_FAMILY = "1,2";
			};
			name = Debug;
		};
		39D1038E23D0ED1400A0C3F7 /* Release */ = {
			isa = XCBuildConfiguration;
			buildSettings = {
				ASSETCATALOG_COMPILER_APPICON_NAME = AppIcon;
				CODE_SIGN_STYLE = Automatic;
				DEVELOPMENT_TEAM = 59WR7TNTSB;
				INFOPLIST_FILE = DiscussionMaker/Info.plist;
				LD_RUNPATH_SEARCH_PATHS = (
					"$(inherited)",
					"@executable_path/Frameworks",
				);
				PRODUCT_BUNDLE_IDENTIFIER = almaz5200.DiscussionMaker;
				PRODUCT_NAME = "$(TARGET_NAME)";
				SWIFT_VERSION = 5.0;
				TARGETED_DEVICE_FAMILY = "1,2";
			};
			name = Release;
		};
		39D1039023D0ED1400A0C3F7 /* Debug */ = {
			isa = XCBuildConfiguration;
			buildSettings = {
				ALWAYS_EMBED_SWIFT_STANDARD_LIBRARIES = YES;
				BUNDLE_LOADER = "$(TEST_HOST)";
				CODE_SIGN_STYLE = Automatic;
				DEVELOPMENT_TEAM = 59WR7TNTSB;
				INFOPLIST_FILE = DiscussionMakerTests/Info.plist;
				IPHONEOS_DEPLOYMENT_TARGET = 13.2;
				LD_RUNPATH_SEARCH_PATHS = (
					"$(inherited)",
					"@executable_path/Frameworks",
					"@loader_path/Frameworks",
				);
				PRODUCT_BUNDLE_IDENTIFIER = almaz5200.DiscussionMakerTests;
				PRODUCT_NAME = "$(TARGET_NAME)";
				SWIFT_VERSION = 5.0;
				TARGETED_DEVICE_FAMILY = "1,2";
				TEST_HOST = "$(BUILT_PRODUCTS_DIR)/DiscussionMaker.app/DiscussionMaker";
			};
			name = Debug;
		};
		39D1039123D0ED1400A0C3F7 /* Release */ = {
			isa = XCBuildConfiguration;
			buildSettings = {
				ALWAYS_EMBED_SWIFT_STANDARD_LIBRARIES = YES;
				BUNDLE_LOADER = "$(TEST_HOST)";
				CODE_SIGN_STYLE = Automatic;
				DEVELOPMENT_TEAM = 59WR7TNTSB;
				INFOPLIST_FILE = DiscussionMakerTests/Info.plist;
				IPHONEOS_DEPLOYMENT_TARGET = 13.2;
				LD_RUNPATH_SEARCH_PATHS = (
					"$(inherited)",
					"@executable_path/Frameworks",
					"@loader_path/Frameworks",
				);
				PRODUCT_BUNDLE_IDENTIFIER = almaz5200.DiscussionMakerTests;
				PRODUCT_NAME = "$(TARGET_NAME)";
				SWIFT_VERSION = 5.0;
				TARGETED_DEVICE_FAMILY = "1,2";
				TEST_HOST = "$(BUILT_PRODUCTS_DIR)/DiscussionMaker.app/DiscussionMaker";
			};
			name = Release;
		};
		39D1039323D0ED1400A0C3F7 /* Debug */ = {
			isa = XCBuildConfiguration;
			buildSettings = {
				ALWAYS_EMBED_SWIFT_STANDARD_LIBRARIES = YES;
				CODE_SIGN_STYLE = Automatic;
				DEVELOPMENT_TEAM = 59WR7TNTSB;
				INFOPLIST_FILE = DiscussionMakerUITests/Info.plist;
				LD_RUNPATH_SEARCH_PATHS = (
					"$(inherited)",
					"@executable_path/Frameworks",
					"@loader_path/Frameworks",
				);
				PRODUCT_BUNDLE_IDENTIFIER = almaz5200.DiscussionMakerUITests;
				PRODUCT_NAME = "$(TARGET_NAME)";
				SWIFT_VERSION = 5.0;
				TARGETED_DEVICE_FAMILY = "1,2";
				TEST_TARGET_NAME = DiscussionMaker;
			};
			name = Debug;
		};
		39D1039423D0ED1400A0C3F7 /* Release */ = {
			isa = XCBuildConfiguration;
			buildSettings = {
				ALWAYS_EMBED_SWIFT_STANDARD_LIBRARIES = YES;
				CODE_SIGN_STYLE = Automatic;
				DEVELOPMENT_TEAM = 59WR7TNTSB;
				INFOPLIST_FILE = DiscussionMakerUITests/Info.plist;
				LD_RUNPATH_SEARCH_PATHS = (
					"$(inherited)",
					"@executable_path/Frameworks",
					"@loader_path/Frameworks",
				);
				PRODUCT_BUNDLE_IDENTIFIER = almaz5200.DiscussionMakerUITests;
				PRODUCT_NAME = "$(TARGET_NAME)";
				SWIFT_VERSION = 5.0;
				TARGETED_DEVICE_FAMILY = "1,2";
				TEST_TARGET_NAME = DiscussionMaker;
			};
			name = Release;
		};
/* End XCBuildConfiguration section */

/* Begin XCConfigurationList section */
		39D1035D23D0ED1000A0C3F7 /* Build configuration list for PBXProject "DiscussionMaker" */ = {
			isa = XCConfigurationList;
			buildConfigurations = (
				39D1038A23D0ED1400A0C3F7 /* Debug */,
				39D1038B23D0ED1400A0C3F7 /* Release */,
			);
			defaultConfigurationIsVisible = 0;
			defaultConfigurationName = Release;
		};
		39D1038C23D0ED1400A0C3F7 /* Build configuration list for PBXNativeTarget "DiscussionMaker" */ = {
			isa = XCConfigurationList;
			buildConfigurations = (
				39D1038D23D0ED1400A0C3F7 /* Debug */,
				39D1038E23D0ED1400A0C3F7 /* Release */,
			);
			defaultConfigurationIsVisible = 0;
			defaultConfigurationName = Release;
		};
		39D1038F23D0ED1400A0C3F7 /* Build configuration list for PBXNativeTarget "DiscussionMakerTests" */ = {
			isa = XCConfigurationList;
			buildConfigurations = (
				39D1039023D0ED1400A0C3F7 /* Debug */,
				39D1039123D0ED1400A0C3F7 /* Release */,
			);
			defaultConfigurationIsVisible = 0;
			defaultConfigurationName = Release;
		};
		39D1039223D0ED1400A0C3F7 /* Build configuration list for PBXNativeTarget "DiscussionMakerUITests" */ = {
			isa = XCConfigurationList;
			buildConfigurations = (
				39D1039323D0ED1400A0C3F7 /* Debug */,
				39D1039423D0ED1400A0C3F7 /* Release */,
			);
			defaultConfigurationIsVisible = 0;
			defaultConfigurationName = Release;
		};
/* End XCConfigurationList section */
	};
	rootObject = 39D1035A23D0ED1000A0C3F7 /* Project object */;
}
